
Microsoft Visual Studio Solution File, Format Version 12.00
# Visual Studio Version 17
VisualStudioVersion = 17.7.34031.279
MinimumVisualStudioVersion = 10.0.40219.1
Project("{9A19103F-16F7-4668-BE54-9A1E7A4F7556}") = "Panaroma.DataAccess", "Panaroma.DataAccess\Panaroma.DataAccess.csproj", "{D456C8AF-CA08-4E68-BB2B-9851DC343196}"
EndProject
Project("{9A19103F-16F7-4668-BE54-9A1E7A4F7556}") = "Panaroma.Entities", "Panaroma.Entities\Panaroma.Entities.csproj", "{E89CF334-82BA-45CC-8CBB-18364FF117F7}"
EndProject
Project("{9A19103F-16F7-4668-BE54-9A1E7A4F7556}") = "Panaroma.Bussiness", "Panaroma.Bussiness\Panaroma.Bussiness.csproj", "{C4F8FC29-FD8A-4AE1-8C15-24ABECE65225}"
EndProject
Project("{9A19103F-16F7-4668-BE54-9A1E7A4F7556}") = "Panarom.WebUI", "Panarom.WebUI\Panarom.WebUI.csproj", "{800FF6CA-FC40-40D0-A828-3970477CA59D}"
EndProject
Project("{9A19103F-16F7-4668-BE54-9A1E7A4F7556}") = "Panaroma.Core", "Panaroma.Core\Panaroma.Core.csproj", "{171D42CB-EBA7-4E7E-ADB1-2720D672B3A4}"
EndProject
Project("{FAE04EC0-301F-11D3-BF4B-00C04F79EFBC}") = "Panaroma.WebApi", "Panaroma.WebApi\Panaroma.WebApi.csproj", "{E018A40B-751B-41B3-9898-61AA49791A29}"
EndProject
Global
	GlobalSection(SolutionConfigurationPlatforms) = preSolution
		Debug|Any CPU = Debug|Any CPU
		Release|Any CPU = Release|Any CPU
	EndGlobalSection
	GlobalSection(ProjectConfigurationPlatforms) = postSolution
		{D456C8AF-CA08-4E68-BB2B-9851DC343196}.Debug|Any CPU.ActiveCfg = Debug|Any CPU
		{D456C8AF-CA08-4E68-BB2B-9851DC343196}.Debug|Any CPU.Build.0 = Debug|Any CPU
		{D456C8AF-CA08-4E68-BB2B-9851DC343196}.Release|Any CPU.ActiveCfg = Release|Any CPU
		{D456C8AF-CA08-4E68-BB2B-9851DC343196}.Release|Any CPU.Build.0 = Release|Any CPU
		{E89CF334-82BA-45CC-8CBB-18364FF117F7}.Debug|Any CPU.ActiveCfg = Debug|Any CPU
		{E89CF334-82BA-45CC-8CBB-18364FF117F7}.Debug|Any CPU.Build.0 = Debug|Any CPU
		{E89CF334-82BA-45CC-8CBB-18364FF117F7}.Release|Any CPU.ActiveCfg = Release|Any CPU
		{E89CF334-82BA-45CC-8CBB-18364FF117F7}.Release|Any CPU.Build.0 = Release|Any CPU
		{C4F8FC29-FD8A-4AE1-8C15-24ABECE65225}.Debug|Any CPU.ActiveCfg = Debug|Any CPU
		{C4F8FC29-FD8A-4AE1-8C15-24ABECE65225}.Debug|Any CPU.Build.0 = Debug|Any CPU
		{C4F8FC29-FD8A-4AE1-8C15-24ABECE65225}.Release|Any CPU.ActiveCfg = Release|Any CPU
		{C4F8FC29-FD8A-4AE1-8C15-24ABECE65225}.Release|Any CPU.Build.0 = Release|Any CPU
		{800FF6CA-FC40-40D0-A828-3970477CA59D}.Debug|Any CPU.ActiveCfg = Debug|Any CPU
		{800FF6CA-FC40-40D0-A828-3970477CA59D}.Debug|Any CPU.Build.0 = Debug|Any CPU
		{800FF6CA-FC40-40D0-A828-3970477CA59D}.Release|Any CPU.ActiveCfg = Release|Any CPU
		{800FF6CA-FC40-40D0-A828-3970477CA59D}.Release|Any CPU.Build.0 = Release|Any CPU
		{171D42CB-EBA7-4E7E-ADB1-2720D672B3A4}.Debug|Any CPU.ActiveCfg = Debug|Any CPU
		{171D42CB-EBA7-4E7E-ADB1-2720D672B3A4}.Debug|Any CPU.Build.0 = Debug|Any CPU
		{171D42CB-EBA7-4E7E-ADB1-2720D672B3A4}.Release|Any CPU.ActiveCfg = Release|Any CPU
		{171D42CB-EBA7-4E7E-ADB1-2720D672B3A4}.Release|Any CPU.Build.0 = Release|Any CPU
		{E018A40B-751B-41B3-9898-61AA49791A29}.Debug|Any CPU.ActiveCfg = Debug|Any CPU
		{E018A40B-751B-41B3-9898-61AA49791A29}.Debug|Any CPU.Build.0 = Debug|Any CPU
		{E018A40B-751B-41B3-9898-61AA49791A29}.Release|Any CPU.ActiveCfg = Release|Any CPU
		{E018A40B-751B-41B3-9898-61AA49791A29}.Release|Any CPU.Build.0 = Release|Any CPU
	EndGlobalSection
	GlobalSection(SolutionProperties) = preSolution
		HideSolutionNode = FALSE
	EndGlobalSection
	GlobalSection(ExtensibilityGlobals) = postSolution
		SolutionGuid = {F0F2B45F-3ABC-45D5-8638-A8CE799409CE}
	EndGlobalSection
EndGlobal
